
Microsoft Visual Studio Solution File, Format Version 12.00
# Visual Studio Version 16
VisualStudioVersion = 16.0.31424.327
MinimumVisualStudioVersion = 10.0.40219.1
Project("{FAE04EC0-301F-11D3-BF4B-00C04F79EFBC}") = "Entidades", "Entidades\Entidades.csproj", "{54157723-E2BA-420C-AE76-83B06056D935}"
EndProject
Project("{FAE04EC0-301F-11D3-BF4B-00C04F79EFBC}") = "Datos", "Datos\Datos.csproj", "{2A84B86D-CD29-40E5-8B50-23AEBE4EFA4F}"
EndProject
Project("{FAE04EC0-301F-11D3-BF4B-00C04F79EFBC}") = "ConsoleApp", "ConsoleApp\ConsoleApp.csproj", "{8B4527B9-35AB-403B-961C-271DF9585CAA}"
EndProject
Project("{FAE04EC0-301F-11D3-BF4B-00C04F79EFBC}") = "Negocio", "Negocio\Negocio.csproj", "{C96A1D2F-C74A-46C5-8619-CC60C83505D2}"
EndProject
Project("{FAE04EC0-301F-11D3-BF4B-00C04F79EFBC}") = "Escritorio", "Escritorio\Escritorio.csproj", "{8BB4CACA-9002-4C71-9B84-4BEB93AF6F02}"
EndProject
Project("{FAE04EC0-301F-11D3-BF4B-00C04F79EFBC}") = "WebMvc", "WebMvc\WebMvc.csproj", "{4AD769D3-1ADF-462E-9477-C10D8B7C66EB}"
EndProject
Global
	GlobalSection(SolutionConfigurationPlatforms) = preSolution
		Debug|Any CPU = Debug|Any CPU
		Release|Any CPU = Release|Any CPU
	EndGlobalSection
	GlobalSection(ProjectConfigurationPlatforms) = postSolution
		{54157723-E2BA-420C-AE76-83B06056D935}.Debug|Any CPU.ActiveCfg = Debug|Any CPU
		{54157723-E2BA-420C-AE76-83B06056D935}.Debug|Any CPU.Build.0 = Debug|Any CPU
		{54157723-E2BA-420C-AE76-83B06056D935}.Release|Any CPU.ActiveCfg = Release|Any CPU
		{54157723-E2BA-420C-AE76-83B06056D935}.Release|Any CPU.Build.0 = Release|Any CPU
		{2A84B86D-CD29-40E5-8B50-23AEBE4EFA4F}.Debug|Any CPU.ActiveCfg = Debug|Any CPU
		{2A84B86D-CD29-40E5-8B50-23AEBE4EFA4F}.Debug|Any CPU.Build.0 = Debug|Any CPU
		{2A84B86D-CD29-40E5-8B50-23AEBE4EFA4F}.Release|Any CPU.ActiveCfg = Release|Any CPU
		{2A84B86D-CD29-40E5-8B50-23AEBE4EFA4F}.Release|Any CPU.Build.0 = Release|Any CPU
		{8B4527B9-35AB-403B-961C-271DF9585CAA}.Debug|Any CPU.ActiveCfg = Debug|Any CPU
		{8B4527B9-35AB-403B-961C-271DF9585CAA}.Debug|Any CPU.Build.0 = Debug|Any CPU
		{8B4527B9-35AB-403B-961C-271DF9585CAA}.Release|Any CPU.ActiveCfg = Release|Any CPU
		{8B4527B9-35AB-403B-961C-271DF9585CAA}.Release|Any CPU.Build.0 = Release|Any CPU
		{C96A1D2F-C74A-46C5-8619-CC60C83505D2}.Debug|Any CPU.ActiveCfg = Debug|Any CPU
		{C96A1D2F-C74A-46C5-8619-CC60C83505D2}.Debug|Any CPU.Build.0 = Debug|Any CPU
		{C96A1D2F-C74A-46C5-8619-CC60C83505D2}.Release|Any CPU.ActiveCfg = Release|Any CPU
		{C96A1D2F-C74A-46C5-8619-CC60C83505D2}.Release|Any CPU.Build.0 = Release|Any CPU
		{8BB4CACA-9002-4C71-9B84-4BEB93AF6F02}.Debug|Any CPU.ActiveCfg = Debug|Any CPU
		{8BB4CACA-9002-4C71-9B84-4BEB93AF6F02}.Debug|Any CPU.Build.0 = Debug|Any CPU
		{8BB4CACA-9002-4C71-9B84-4BEB93AF6F02}.Release|Any CPU.ActiveCfg = Release|Any CPU
		{8BB4CACA-9002-4C71-9B84-4BEB93AF6F02}.Release|Any CPU.Build.0 = Release|Any CPU
		{4AD769D3-1ADF-462E-9477-C10D8B7C66EB}.Debug|Any CPU.ActiveCfg = Debug|Any CPU
		{4AD769D3-1ADF-462E-9477-C10D8B7C66EB}.Debug|Any CPU.Build.0 = Debug|Any CPU
		{4AD769D3-1ADF-462E-9477-C10D8B7C66EB}.Release|Any CPU.ActiveCfg = Release|Any CPU
		{4AD769D3-1ADF-462E-9477-C10D8B7C66EB}.Release|Any CPU.Build.0 = Release|Any CPU
	EndGlobalSection
	GlobalSection(SolutionProperties) = preSolution
		HideSolutionNode = FALSE
	EndGlobalSection
	GlobalSection(ExtensibilityGlobals) = postSolution
		SolutionGuid = {31FF94BD-FF21-41FD-BE79-44A33EBBAF1D}
	EndGlobalSection
EndGlobal
